{
  "version": 4,
  "terraform_version": "1.8.5",
  "serial": 3,
  "lineage": "466bfe88-e5b8-c748-5644-edf0964c936e",
  "outputs": {},
  "resources": [
    {
      "mode": "managed",
      "type": "spotify_playlist",
      "name": "Tollywood",
      "provider": "provider[\"registry.terraform.io/conradludgate/spotify\"]",
      "instances": [
        {
          "schema_version": 0,
          "attributes": {
            "description": "",
            "id": "2P6fKCQds6flhfQTxHwqPn",
            "name": "Tollywood",
            "public": true,
            "snapshot_id": "AAAAAs52YUYkIjNmw+rQPJvCFBsgMfqm",
            "tracks": [
              "1bxzr3JK05fMTcweGAZUHp",
              "6yvxu91deFKt3X1QoV6qMv"
            ]
          },
          "sensitive_attributes": [],
          "private": "bnVsbA=="
        }
      ]
    }
  ],
  "check_results": null
}
